
Microsoft Visual Studio Solution File, Format Version 12.00
# Visual Studio Version 17
VisualStudioVersion = 17.1.32319.34
MinimumVisualStudioVersion = 10.0.40219.1
Project("{9A19103F-16F7-4668-BE54-9A1E7A4F7556}") = "AppTracker.WebAPI", "AppTracker.WebAPI\AppTracker.WebAPI.csproj", "{60B05918-B504-4698-B596-4FF0CB59A719}"
	ProjectSection(ProjectDependencies) = postProject
		{F1492277-93BE-4383-B1DD-32588070C543} = {F1492277-93BE-4383-B1DD-32588070C543}
	EndProjectSection
EndProject
Project("{9A19103F-16F7-4668-BE54-9A1E7A4F7556}") = "AppTracker.Models", "AppTracker.Models\AppTracker.Models.csproj", "{F1492277-93BE-4383-B1DD-32588070C543}"
EndProject
Project("{9A19103F-16F7-4668-BE54-9A1E7A4F7556}") = "AppTracker.Services", "AppTracker.Services\AppTracker.Services.csproj", "{A420980A-58B2-42F4-8A16-79989F10A556}"
EndProject
Project("{9A19103F-16F7-4668-BE54-9A1E7A4F7556}") = "AppTracker.Tests", "AppTracker.Tests\AppTracker.Tests.csproj", "{F3947AE6-9E66-4DC6-9818-5DB7BF4E2174}"
EndProject
Project("{9A19103F-16F7-4668-BE54-9A1E7A4F7556}") = "AppTracker.DataAccessLayer", "AppTracker.DataAccessLayer\AppTracker.DataAccessLayer.csproj", "{A0CD357F-B7E5-40A8-9767-6D83616EF1F5}"
	ProjectSection(ProjectDependencies) = postProject
		{F1492277-93BE-4383-B1DD-32588070C543} = {F1492277-93BE-4383-B1DD-32588070C543}
	EndProjectSection
EndProject
Project("{9A19103F-16F7-4668-BE54-9A1E7A4F7556}") = "AppTracker.Managers", "AppTracker.Managers\AppTracker.Managers.csproj", "{DA0629B9-C6C4-49AD-8D8D-CE2B0789C5B2}"
EndProject
Project("{9A19103F-16F7-4668-BE54-9A1E7A4F7556}") = "AppTracker.Middleware", "AppTracker.Middleware\AppTracker.Middleware.csproj", "{5D4822C7-7A55-403A-A810-A85ECDC77632}"
EndProject
Project("{9A19103F-16F7-4668-BE54-9A1E7A4F7556}") = "AppTracker.MessageBank", "AppTracker.MessageBank\AppTracker.MessageBank.csproj", "{A929F7A3-FAA0-4AF4-B5DF-4B1527077EC6}"
EndProject
Project("{9A19103F-16F7-4668-BE54-9A1E7A4F7556}") = "AppTracker.Exceptions", "AppTracker.Exceptions\AppTracker.Exceptions.csproj", "{7E17A474-ADA4-412F-8ECE-93AD862F207F}"
EndProject
Project("{2150E333-8FDC-42A3-9474-1A3956D46DE8}") = "Solution Items", "Solution Items", "{F24670AA-FA4D-4632-8354-D7F00A496D89}"
	ProjectSection(SolutionItems) = preProject
		.editorconfig = .editorconfig
	EndProjectSection
EndProject
Global
	GlobalSection(SolutionConfigurationPlatforms) = preSolution
		Debug|Any CPU = Debug|Any CPU
		Release|Any CPU = Release|Any CPU
	EndGlobalSection
	GlobalSection(ProjectConfigurationPlatforms) = postSolution
		{60B05918-B504-4698-B596-4FF0CB59A719}.Debug|Any CPU.ActiveCfg = Debug|Any CPU
		{60B05918-B504-4698-B596-4FF0CB59A719}.Debug|Any CPU.Build.0 = Debug|Any CPU
		{60B05918-B504-4698-B596-4FF0CB59A719}.Release|Any CPU.ActiveCfg = Release|Any CPU
		{60B05918-B504-4698-B596-4FF0CB59A719}.Release|Any CPU.Build.0 = Release|Any CPU
		{F1492277-93BE-4383-B1DD-32588070C543}.Debug|Any CPU.ActiveCfg = Debug|Any CPU
		{F1492277-93BE-4383-B1DD-32588070C543}.Debug|Any CPU.Build.0 = Debug|Any CPU
		{F1492277-93BE-4383-B1DD-32588070C543}.Release|Any CPU.ActiveCfg = Release|Any CPU
		{F1492277-93BE-4383-B1DD-32588070C543}.Release|Any CPU.Build.0 = Release|Any CPU
		{A420980A-58B2-42F4-8A16-79989F10A556}.Debug|Any CPU.ActiveCfg = Debug|Any CPU
		{A420980A-58B2-42F4-8A16-79989F10A556}.Debug|Any CPU.Build.0 = Debug|Any CPU
		{A420980A-58B2-42F4-8A16-79989F10A556}.Release|Any CPU.ActiveCfg = Release|Any CPU
		{A420980A-58B2-42F4-8A16-79989F10A556}.Release|Any CPU.Build.0 = Release|Any CPU
		{F3947AE6-9E66-4DC6-9818-5DB7BF4E2174}.Debug|Any CPU.ActiveCfg = Debug|Any CPU
		{F3947AE6-9E66-4DC6-9818-5DB7BF4E2174}.Debug|Any CPU.Build.0 = Debug|Any CPU
		{F3947AE6-9E66-4DC6-9818-5DB7BF4E2174}.Release|Any CPU.ActiveCfg = Release|Any CPU
		{F3947AE6-9E66-4DC6-9818-5DB7BF4E2174}.Release|Any CPU.Build.0 = Release|Any CPU
		{A0CD357F-B7E5-40A8-9767-6D83616EF1F5}.Debug|Any CPU.ActiveCfg = Debug|Any CPU
		{A0CD357F-B7E5-40A8-9767-6D83616EF1F5}.Debug|Any CPU.Build.0 = Debug|Any CPU
		{A0CD357F-B7E5-40A8-9767-6D83616EF1F5}.Release|Any CPU.ActiveCfg = Release|Any CPU
		{A0CD357F-B7E5-40A8-9767-6D83616EF1F5}.Release|Any CPU.Build.0 = Release|Any CPU
		{DA0629B9-C6C4-49AD-8D8D-CE2B0789C5B2}.Debug|Any CPU.ActiveCfg = Debug|Any CPU
		{DA0629B9-C6C4-49AD-8D8D-CE2B0789C5B2}.Debug|Any CPU.Build.0 = Debug|Any CPU
		{DA0629B9-C6C4-49AD-8D8D-CE2B0789C5B2}.Release|Any CPU.ActiveCfg = Release|Any CPU
		{DA0629B9-C6C4-49AD-8D8D-CE2B0789C5B2}.Release|Any CPU.Build.0 = Release|Any CPU
		{5D4822C7-7A55-403A-A810-A85ECDC77632}.Debug|Any CPU.ActiveCfg = Debug|Any CPU
		{5D4822C7-7A55-403A-A810-A85ECDC77632}.Debug|Any CPU.Build.0 = Debug|Any CPU
		{5D4822C7-7A55-403A-A810-A85ECDC77632}.Release|Any CPU.ActiveCfg = Release|Any CPU
		{5D4822C7-7A55-403A-A810-A85ECDC77632}.Release|Any CPU.Build.0 = Release|Any CPU
		{A929F7A3-FAA0-4AF4-B5DF-4B1527077EC6}.Debug|Any CPU.ActiveCfg = Debug|Any CPU
		{A929F7A3-FAA0-4AF4-B5DF-4B1527077EC6}.Debug|Any CPU.Build.0 = Debug|Any CPU
		{A929F7A3-FAA0-4AF4-B5DF-4B1527077EC6}.Release|Any CPU.ActiveCfg = Release|Any CPU
		{A929F7A3-FAA0-4AF4-B5DF-4B1527077EC6}.Release|Any CPU.Build.0 = Release|Any CPU
		{7E17A474-ADA4-412F-8ECE-93AD862F207F}.Debug|Any CPU.ActiveCfg = Debug|Any CPU
		{7E17A474-ADA4-412F-8ECE-93AD862F207F}.Debug|Any CPU.Build.0 = Debug|Any CPU
		{7E17A474-ADA4-412F-8ECE-93AD862F207F}.Release|Any CPU.ActiveCfg = Release|Any CPU
		{7E17A474-ADA4-412F-8ECE-93AD862F207F}.Release|Any CPU.Build.0 = Release|Any CPU
	EndGlobalSection
	GlobalSection(SolutionProperties) = preSolution
		HideSolutionNode = FALSE
	EndGlobalSection
	GlobalSection(ExtensibilityGlobals) = postSolution
		SolutionGuid = {D58B25EE-5EEF-4645-8CB0-1BDE9ABBCE1C}
	EndGlobalSection
EndGlobal
