
Microsoft Visual Studio Solution File, Format Version 12.00
# Visual Studio Version 17
VisualStudioVersion = 17.1.32319.34
MinimumVisualStudioVersion = 10.0.40219.1
Project("{FAE04EC0-301F-11D3-BF4B-00C04F79EFBC}") = "AppTracker.WebAPI", "AppTracker.WebAPI\AppTracker.WebAPI.csproj", "{60B05918-B504-4698-B596-4FF0CB59A719}"
	ProjectSection(ProjectDependencies) = postProject
		{F1492277-93BE-4383-B1DD-32588070C543} = {F1492277-93BE-4383-B1DD-32588070C543}
	EndProjectSection
EndProject
Project("{FAE04EC0-301F-11D3-BF4B-00C04F79EFBC}") = "AppTracker.Models", "AppTracker.Models\AppTracker.Models.csproj", "{F1492277-93BE-4383-B1DD-32588070C543}"
EndProject
Global
	GlobalSection(SolutionConfigurationPlatforms) = preSolution
		Debug|Any CPU = Debug|Any CPU
		Release|Any CPU = Release|Any CPU
	EndGlobalSection
	GlobalSection(ProjectConfigurationPlatforms) = postSolution
		{60B05918-B504-4698-B596-4FF0CB59A719}.Debug|Any CPU.ActiveCfg = Debug|Any CPU
		{60B05918-B504-4698-B596-4FF0CB59A719}.Debug|Any CPU.Build.0 = Debug|Any CPU
		{60B05918-B504-4698-B596-4FF0CB59A719}.Release|Any CPU.ActiveCfg = Release|Any CPU
		{60B05918-B504-4698-B596-4FF0CB59A719}.Release|Any CPU.Build.0 = Release|Any CPU
		{F1492277-93BE-4383-B1DD-32588070C543}.Debug|Any CPU.ActiveCfg = Debug|Any CPU
		{F1492277-93BE-4383-B1DD-32588070C543}.Debug|Any CPU.Build.0 = Debug|Any CPU
		{F1492277-93BE-4383-B1DD-32588070C543}.Release|Any CPU.ActiveCfg = Release|Any CPU
		{F1492277-93BE-4383-B1DD-32588070C543}.Release|Any CPU.Build.0 = Release|Any CPU
	EndGlobalSection
	GlobalSection(SolutionProperties) = preSolution
		HideSolutionNode = FALSE
	EndGlobalSection
	GlobalSection(ExtensibilityGlobals) = postSolution
		SolutionGuid = {D58B25EE-5EEF-4645-8CB0-1BDE9ABBCE1C}
	EndGlobalSection
EndGlobal
